
Microsoft Visual Studio Solution File, Format Version 12.00
# Visual Studio Version 16
VisualStudioVersion = 16.0.30907.101
MinimumVisualStudioVersion = 10.0.40219.1
Project("{9A19103F-16F7-4668-BE54-9A1E7A4F7556}") = "Solarheart2", "Solarheart2\Solarheart2.csproj", "{C83CD0E8-A2EE-4E78-9863-8DE3D0E2CCD8}"
EndProject
Global
	GlobalSection(SolutionConfigurationPlatforms) = preSolution
		Debug|Any CPU = Debug|Any CPU
		Release|Any CPU = Release|Any CPU
	EndGlobalSection
	GlobalSection(ProjectConfigurationPlatforms) = postSolution
		{C83CD0E8-A2EE-4E78-9863-8DE3D0E2CCD8}.Debug|Any CPU.ActiveCfg = Debug|Any CPU
		{C83CD0E8-A2EE-4E78-9863-8DE3D0E2CCD8}.Debug|Any CPU.Build.0 = Debug|Any CPU
		{C83CD0E8-A2EE-4E78-9863-8DE3D0E2CCD8}.Release|Any CPU.ActiveCfg = Release|Any CPU
		{C83CD0E8-A2EE-4E78-9863-8DE3D0E2CCD8}.Release|Any CPU.Build.0 = Release|Any CPU
	EndGlobalSection
	GlobalSection(SolutionProperties) = preSolution
		HideSolutionNode = FALSE
	EndGlobalSection
	GlobalSection(ExtensibilityGlobals) = postSolution
		SolutionGuid = {F69CCCF5-C193-4D1C-9D6C-C46EAD1489CA}
	EndGlobalSection
EndGlobal
